Microsoft Visual Studio Solution File, Format Version 12.00
# Visual Studio 15
VisualStudioVersion = 15.0.28307.168
MinimumVisualStudioVersion = 10.0.40219.1
Project("{FAE04EC0-301F-11D3-BF4B-00C04F79EFBC}") = "ConanServerToolBox", "ConanServerToolBox\ConanServerToolBox.csproj", "{3BC1433A-8413-49D8-9716-E78ECF47EE6F}"
EndProject
Project("{2150E333-8FDC-42A3-9474-1A3956D46DE8}") = "Solution Items", "Solution Items", "{FCB67A8C-24C9-4535-BC7F-01B7B82FB6D1}"
EndProject
Global
	GlobalSection(SolutionConfigurationPlatforms) = preSolution
		Debug|Any CPU = Debug|Any CPU
		Release|Any CPU = Release|Any CPU
	EndGlobalSection
	GlobalSection(ProjectConfigurationPlatforms) = postSolution
		{3BC1433A-8413-49D8-9716-E78ECF47EE6F}.Debug|Any CPU.ActiveCfg = Debug|Any CPU
		{3BC1433A-8413-49D8-9716-E78ECF47EE6F}.Debug|Any CPU.Build.0 = Debug|Any CPU
		{3BC1433A-8413-49D8-9716-E78ECF47EE6F}.Release|Any CPU.ActiveCfg = Release|Any CPU
		{3BC1433A-8413-49D8-9716-E78ECF47EE6F}.Release|Any CPU.Build.0 = Release|Any CPU
	EndGlobalSection
	GlobalSection(SolutionProperties) = preSolution
		HideSolutionNode = FALSE
	EndGlobalSection
	GlobalSection(ExtensibilityGlobals) = postSolution
		SolutionGuid = {8BF3C653-F796-4F03-A636-6C1250741BE2}
	EndGlobalSection
EndGlobal
